
Microsoft Visual Studio Solution File, Format Version 12.00
# Visual Studio Version 16
VisualStudioVersion = 16.0.31515.178
MinimumVisualStudioVersion = 10.0.40219.1
Project("{8BC9CEB8-8B4A-11D0-8D11-00A0C91BC942}") = "scratchpad-GitHub-2019", "scratchpad-GitHub-2019\scratchpad-GitHub-2019.vcxproj", "{750F7798-4821-4400-93C9-24B8450BF4E9}"
EndProject
Global
	GlobalSection(SolutionConfigurationPlatforms) = preSolution
		Debug|x64 = Debug|x64
		Debug|x86 = Debug|x86
		Release|x64 = Release|x64
		Release|x86 = Release|x86
	EndGlobalSection
	GlobalSection(ProjectConfigurationPlatforms) = postSolution
		{750F7798-4821-4400-93C9-24B8450BF4E9}.Debug|x64.ActiveCfg = Debug|x64
		{750F7798-4821-4400-93C9-24B8450BF4E9}.Debug|x64.Build.0 = Debug|x64
		{750F7798-4821-4400-93C9-24B8450BF4E9}.Debug|x86.ActiveCfg = Debug|Win32
		{750F7798-4821-4400-93C9-24B8450BF4E9}.Debug|x86.Build.0 = Debug|Win32
		{750F7798-4821-4400-93C9-24B8450BF4E9}.Release|x64.ActiveCfg = Release|x64
		{750F7798-4821-4400-93C9-24B8450BF4E9}.Release|x64.Build.0 = Release|x64
		{750F7798-4821-4400-93C9-24B8450BF4E9}.Release|x86.ActiveCfg = Release|Win32
		{750F7798-4821-4400-93C9-24B8450BF4E9}.Release|x86.Build.0 = Release|Win32
	EndGlobalSection
	GlobalSection(SolutionProperties) = preSolution
		HideSolutionNode = FALSE
	EndGlobalSection
	GlobalSection(ExtensibilityGlobals) = postSolution
		SolutionGuid = {E3D7D23E-AEF1-45B3-A8CC-721F53A2A3D0}
	EndGlobalSection
EndGlobal
